
Microsoft Visual Studio Solution File, Format Version 12.00
# Visual Studio 15
VisualStudioVersion = 15.0.27428.2015
MinimumVisualStudioVersion = 10.0.40219.1
Project("{FAE04EC0-301F-11D3-BF4B-00C04F79EFBC}") = "AltThread", "AltThread\AltThread.csproj", "{3E142246-B550-44D1-B4AD-36FF5F8C5ED9}"
EndProject
Project("{FAE04EC0-301F-11D3-BF4B-00C04F79EFBC}") = "AltThreadExample", "AltThreadExample\AltThreadExample.csproj", "{609E1E67-0B70-46F4-95C1-4C7464F27E1E}"
EndProject
Global
	GlobalSection(SolutionConfigurationPlatforms) = preSolution
		Debug|Any CPU = Debug|Any CPU
		Release|Any CPU = Release|Any CPU
	EndGlobalSection
	GlobalSection(ProjectConfigurationPlatforms) = postSolution
		{3E142246-B550-44D1-B4AD-36FF5F8C5ED9}.Debug|Any CPU.ActiveCfg = Debug|Any CPU
		{3E142246-B550-44D1-B4AD-36FF5F8C5ED9}.Debug|Any CPU.Build.0 = Debug|Any CPU
		{3E142246-B550-44D1-B4AD-36FF5F8C5ED9}.Release|Any CPU.ActiveCfg = Release|Any CPU
		{3E142246-B550-44D1-B4AD-36FF5F8C5ED9}.Release|Any CPU.Build.0 = Release|Any CPU
		{609E1E67-0B70-46F4-95C1-4C7464F27E1E}.Debug|Any CPU.ActiveCfg = Debug|Any CPU
		{609E1E67-0B70-46F4-95C1-4C7464F27E1E}.Debug|Any CPU.Build.0 = Debug|Any CPU
		{609E1E67-0B70-46F4-95C1-4C7464F27E1E}.Release|Any CPU.ActiveCfg = Release|Any CPU
		{609E1E67-0B70-46F4-95C1-4C7464F27E1E}.Release|Any CPU.Build.0 = Release|Any CPU
	EndGlobalSection
	GlobalSection(SolutionProperties) = preSolution
		HideSolutionNode = FALSE
	EndGlobalSection
	GlobalSection(ExtensibilityGlobals) = postSolution
		SolutionGuid = {33CE1550-E2C3-434B-94C2-936961130AF0}
	EndGlobalSection
EndGlobal
